
Microsoft Visual Studio Solution File, Format Version 12.00
# Visual Studio Version 17
VisualStudioVersion = 17.13.35919.96 d17.13
MinimumVisualStudioVersion = 10.0.40219.1
Project("{FAE04EC0-301F-11D3-BF4B-00C04F79EFBC}") = "DockerDesktop", "DockerDesktop.csproj", "{1D34D677-0F35-40D1-B058-98BD607E2836}"
EndProject
Global
	GlobalSection(SolutionConfigurationPlatforms) = preSolution
		Debug|Any CPU = Debug|Any CPU
		Release|Any CPU = Release|Any CPU
	EndGlobalSection
	GlobalSection(ProjectConfigurationPlatforms) = postSolution
		{1D34D677-0F35-40D1-B058-98BD607E2836}.Debug|Any CPU.ActiveCfg = Debug|Any CPU
		{1D34D677-0F35-40D1-B058-98BD607E2836}.Debug|Any CPU.Build.0 = Debug|Any CPU
		{1D34D677-0F35-40D1-B058-98BD607E2836}.Release|Any CPU.ActiveCfg = Release|Any CPU
		{1D34D677-0F35-40D1-B058-98BD607E2836}.Release|Any CPU.Build.0 = Release|Any CPU
	EndGlobalSection
	GlobalSection(SolutionProperties) = preSolution
		HideSolutionNode = FALSE
	EndGlobalSection
	GlobalSection(ExtensibilityGlobals) = postSolution
		SolutionGuid = {880F54F3-39AE-4534-BE6D-CF0E21B1E065}
	EndGlobalSection
EndGlobal
